Microsoft Visual Studio Solution File, Format Version 12.00
# Visual Studio Version 17
VisualStudioVersion = 17.8.34330.188
MinimumVisualStudioVersion = 10.0.40219.1
Project("{FAE04EC0-301F-11D3-BF4B-00C04F79EFBC}") = "ExamShared", "ExamShared\ExamShared.csproj", "{29ACAC33-28FF-4E18-B43F-0AE8C95E8F45}"
EndProject
Project("{FAE04EC0-301F-11D3-BF4B-00C04F79EFBC}") = "ExamConfigGenerator", "ExamConfigGenerator\ExamConfigGenerator.csproj", "{45067AB9-6F51-48D5-80ED-7CAA6A10314D}"
EndProject
Project("{FAE04EC0-301F-11D3-BF4B-00C04F79EFBC}") = "ExamLockClient", "ExamLockClient\ExamLockClient.csproj", "{BB2272C7-7807-4D4D-A86A-F801C771EEBE}"
EndProject
Global
	GlobalSection(SolutionConfigurationPlatforms) = preSolution
		Debug|Any CPU = Debug|Any CPU
		Release|Any CPU = Release|Any CPU
	EndGlobalSection
	GlobalSection(ProjectConfigurationPlatforms) = postSolution
		{29ACAC33-28FF-4E18-B43F-0AE8C95E8F45}.Debug|Any CPU.ActiveCfg = Debug|Any CPU
		{29ACAC33-28FF-4E18-B43F-0AE8C95E8F45}.Debug|Any CPU.Build.0 = Debug|Any CPU
		{29ACAC33-28FF-4E18-B43F-0AE8C95E8F45}.Release|Any CPU.ActiveCfg = Release|Any CPU
		{29ACAC33-28FF-4E18-B43F-0AE8C95E8F45}.Release|Any CPU.Build.0 = Release|Any CPU
		{45067AB9-6F51-48D5-80ED-7CAA6A10314D}.Debug|Any CPU.ActiveCfg = Debug|Any CPU
		{45067AB9-6F51-48D5-80ED-7CAA6A10314D}.Debug|Any CPU.Build.0 = Debug|Any CPU
		{45067AB9-6F51-48D5-80ED-7CAA6A10314D}.Release|Any CPU.ActiveCfg = Release|Any CPU
		{45067AB9-6F51-48D5-80ED-7CAA6A10314D}.Release|Any CPU.Build.0 = Release|Any CPU
		{BB2272C7-7807-4D4D-A86A-F801C771EEBE}.Debug|Any CPU.ActiveCfg = Debug|Any CPU
		{BB2272C7-7807-4D4D-A86A-F801C771EEBE}.Debug|Any CPU.Build.0 = Debug|Any CPU
		{BB2272C7-7807-4D4D-A86A-F801C771EEBE}.Release|Any CPU.ActiveCfg = Release|Any CPU
		{BB2272C7-7807-4D4D-A86A-F801C771EEBE}.Release|Any CPU.Build.0 = Release|Any CPU
	EndGlobalSection
	GlobalSection(SolutionProperties) = preSolution
		HideSolutionNode = FALSE
	EndGlobalSection
EndGlobal
